
Microsoft Visual Studio Solution File, Format Version 12.00
# Visual Studio 2013
VisualStudioVersion = 12.0.21005.1
MinimumVisualStudioVersion = 10.0.40219.1
Project("{FAE04EC0-301F-11D3-BF4B-00C04F79EFBC}") = "ConsoleApp3", "ConsoleApp3\ConsoleApp3.csproj", "{C40EF504-BC68-4E24-8B72-A9805FAC0FEB}"
EndProject
Project("{FAE04EC0-301F-11D3-BF4B-00C04F79EFBC}") = "ConsoleApplication1", "ConsoleApplication1\ConsoleApplication1.csproj", "{77F7331F-9D40-479E-9C41-5962AA6CF211}"
EndProject
Project("{FAE04EC0-301F-11D3-BF4B-00C04F79EFBC}") = "2.3", "mypoint\2.3.csproj", "{AF0A6504-5DF1-433F-A86F-6F2AF3A75417}"
EndProject
Global
	GlobalSection(SolutionConfigurationPlatforms) = preSolution
		Debug|Any CPU = Debug|Any CPU
		Release|Any CPU = Release|Any CPU
	EndGlobalSection
	GlobalSection(ProjectConfigurationPlatforms) = postSolution
		{C40EF504-BC68-4E24-8B72-A9805FAC0FEB}.Debug|Any CPU.ActiveCfg = Debug|Any CPU
		{C40EF504-BC68-4E24-8B72-A9805FAC0FEB}.Debug|Any CPU.Build.0 = Debug|Any CPU
		{C40EF504-BC68-4E24-8B72-A9805FAC0FEB}.Release|Any CPU.ActiveCfg = Release|Any CPU
		{C40EF504-BC68-4E24-8B72-A9805FAC0FEB}.Release|Any CPU.Build.0 = Release|Any CPU
		{77F7331F-9D40-479E-9C41-5962AA6CF211}.Debug|Any CPU.ActiveCfg = Debug|Any CPU
		{77F7331F-9D40-479E-9C41-5962AA6CF211}.Debug|Any CPU.Build.0 = Debug|Any CPU
		{77F7331F-9D40-479E-9C41-5962AA6CF211}.Release|Any CPU.ActiveCfg = Release|Any CPU
		{77F7331F-9D40-479E-9C41-5962AA6CF211}.Release|Any CPU.Build.0 = Release|Any CPU
		{AF0A6504-5DF1-433F-A86F-6F2AF3A75417}.Debug|Any CPU.ActiveCfg = Debug|Any CPU
		{AF0A6504-5DF1-433F-A86F-6F2AF3A75417}.Debug|Any CPU.Build.0 = Debug|Any CPU
		{AF0A6504-5DF1-433F-A86F-6F2AF3A75417}.Release|Any CPU.ActiveCfg = Release|Any CPU
		{AF0A6504-5DF1-433F-A86F-6F2AF3A75417}.Release|Any CPU.Build.0 = Release|Any CPU
	EndGlobalSection
	GlobalSection(SolutionProperties) = preSolution
		HideSolutionNode = FALSE
	EndGlobalSection
	GlobalSection(ExtensibilityGlobals) = postSolution
		SolutionGuid = {3E893875-15D1-4997-8C4C-ED019A8DE50A}
	EndGlobalSection
EndGlobal
